
Microsoft Visual Studio Solution File, Format Version 12.00
# Visual Studio Version 17
VisualStudioVersion = 17.11.35303.130
MinimumVisualStudioVersion = 10.0.40219.1
Project("{FAE04EC0-301F-11D3-BF4B-00C04F79EFBC}") = "Nasa_Space_Apps", "..\Nasa_Space_Apps\Nasa_Space_Apps.csproj", "{5EEDCD92-1B5E-4235-A055-80632FF467C2}"
EndProject
Project("{9A19103F-16F7-4668-BE54-9A1E7A4F7556}") = "virtual_web_view", "..\virtual_web_view\virtual_web_view.csproj", "{0DE380BE-5D5F-4EF2-9CE7-12EE392B0774}"
EndProject
Global
	GlobalSection(SolutionConfigurationPlatforms) = preSolution
		Debug|Any CPU = Debug|Any CPU
		Release|Any CPU = Release|Any CPU
	EndGlobalSection
	GlobalSection(ProjectConfigurationPlatforms) = postSolution
		{5EEDCD92-1B5E-4235-A055-80632FF467C2}.Debug|Any CPU.ActiveCfg = Debug|Any CPU
		{5EEDCD92-1B5E-4235-A055-80632FF467C2}.Debug|Any CPU.Build.0 = Debug|Any CPU
		{5EEDCD92-1B5E-4235-A055-80632FF467C2}.Release|Any CPU.ActiveCfg = Release|Any CPU
		{5EEDCD92-1B5E-4235-A055-80632FF467C2}.Release|Any CPU.Build.0 = Release|Any CPU
		{0DE380BE-5D5F-4EF2-9CE7-12EE392B0774}.Debug|Any CPU.ActiveCfg = Debug|Any CPU
		{0DE380BE-5D5F-4EF2-9CE7-12EE392B0774}.Debug|Any CPU.Build.0 = Debug|Any CPU
		{0DE380BE-5D5F-4EF2-9CE7-12EE392B0774}.Release|Any CPU.ActiveCfg = Release|Any CPU
		{0DE380BE-5D5F-4EF2-9CE7-12EE392B0774}.Release|Any CPU.Build.0 = Release|Any CPU
	EndGlobalSection
	GlobalSection(SolutionProperties) = preSolution
		HideSolutionNode = FALSE
	EndGlobalSection
	GlobalSection(ExtensibilityGlobals) = postSolution
		SolutionGuid = {1DEEC0DB-63F1-4CD6-8D2D-542D3EE9FB48}
	EndGlobalSection
EndGlobal
