
Microsoft Visual Studio Solution File, Format Version 12.00
# Visual Studio Version 17
VisualStudioVersion = 17.11.35303.130
MinimumVisualStudioVersion = 10.0.40219.1
Project("{9A19103F-16F7-4668-BE54-9A1E7A4F7556}") = "Nasa_space_App", "Nasa_space_App.csproj", "{5E21180C-68CB-4295-9365-7D595DA02962}"
EndProject
Project("{9A19103F-16F7-4668-BE54-9A1E7A4F7556}") = "virtua_web_view", "..\virtua_web_view\virtua_web_view.csproj", "{78B6FED5-0CA7-4BB2-A6F9-3414F905E56A}"
EndProject
Global
	GlobalSection(SolutionConfigurationPlatforms) = preSolution
		Debug|Any CPU = Debug|Any CPU
		Release|Any CPU = Release|Any CPU
	EndGlobalSection
	GlobalSection(ProjectConfigurationPlatforms) = postSolution
		{5E21180C-68CB-4295-9365-7D595DA02962}.Debug|Any CPU.ActiveCfg = Debug|Any CPU
		{5E21180C-68CB-4295-9365-7D595DA02962}.Debug|Any CPU.Build.0 = Debug|Any CPU
		{5E21180C-68CB-4295-9365-7D595DA02962}.Release|Any CPU.ActiveCfg = Release|Any CPU
		{5E21180C-68CB-4295-9365-7D595DA02962}.Release|Any CPU.Build.0 = Release|Any CPU
		{78B6FED5-0CA7-4BB2-A6F9-3414F905E56A}.Debug|Any CPU.ActiveCfg = Debug|Any CPU
		{78B6FED5-0CA7-4BB2-A6F9-3414F905E56A}.Debug|Any CPU.Build.0 = Debug|Any CPU
		{78B6FED5-0CA7-4BB2-A6F9-3414F905E56A}.Release|Any CPU.ActiveCfg = Release|Any CPU
		{78B6FED5-0CA7-4BB2-A6F9-3414F905E56A}.Release|Any CPU.Build.0 = Release|Any CPU
	EndGlobalSection
	GlobalSection(SolutionProperties) = preSolution
		HideSolutionNode = FALSE
	EndGlobalSection
	GlobalSection(ExtensibilityGlobals) = postSolution
		SolutionGuid = {1DEEC0DB-63F1-4CD6-8D2D-542D3EE9FB48}
	EndGlobalSection
EndGlobal
